
Microsoft Visual Studio Solution File, Format Version 12.00
# Visual Studio Version 17
VisualStudioVersion = 17.14.36705.20 d17.14
MinimumVisualStudioVersion = 10.0.40219.1
Project("{FAE04EC0-301F-11D3-BF4B-00C04F79EFBC}") = "KitAPP", "KutuphaneOtomasyonu\KitAPP.csproj", "{187AB947-EBAA-4D1B-A08D-599E03905FE9}"
EndProject
Global
	GlobalSection(SolutionConfigurationPlatforms) = preSolution
		Debug|Any CPU = Debug|Any CPU
		Release|Any CPU = Release|Any CPU
	EndGlobalSection
	GlobalSection(ProjectConfigurationPlatforms) = postSolution
		{187AB947-EBAA-4D1B-A08D-599E03905FE9}.Debug|Any CPU.ActiveCfg = Debug|Any CPU
		{187AB947-EBAA-4D1B-A08D-599E03905FE9}.Debug|Any CPU.Build.0 = Debug|Any CPU
		{187AB947-EBAA-4D1B-A08D-599E03905FE9}.Release|Any CPU.ActiveCfg = Release|Any CPU
		{187AB947-EBAA-4D1B-A08D-599E03905FE9}.Release|Any CPU.Build.0 = Release|Any CPU
	EndGlobalSection
	GlobalSection(SolutionProperties) = preSolution
		HideSolutionNode = FALSE
	EndGlobalSection
	GlobalSection(ExtensibilityGlobals) = postSolution
		SolutionGuid = {67EBC668-A949-4304-B6DB-A440E5485996}
	EndGlobalSection
EndGlobal
